
Microsoft Visual Studio Solution File, Format Version 12.00
# Visual Studio Version 16
VisualStudioVersion = 16.0.31613.86
MinimumVisualStudioVersion = 10.0.40219.1
Project("{FAE04EC0-301F-11D3-BF4B-00C04F79EFBC}") = "HotelTools", "HotelTools\HotelTools.csproj", "{515CAA53-DF83-4B5A-93B3-736DE0CDC50C}"
EndProject
Global
	GlobalSection(SolutionConfigurationPlatforms) = preSolution
		Debug|Any CPU = Debug|Any CPU
		Release|Any CPU = Release|Any CPU
	EndGlobalSection
	GlobalSection(ProjectConfigurationPlatforms) = postSolution
		{515CAA53-DF83-4B5A-93B3-736DE0CDC50C}.Debug|Any CPU.ActiveCfg = Debug|Any CPU
		{515CAA53-DF83-4B5A-93B3-736DE0CDC50C}.Debug|Any CPU.Build.0 = Debug|Any CPU
		{515CAA53-DF83-4B5A-93B3-736DE0CDC50C}.Release|Any CPU.ActiveCfg = Release|Any CPU
		{515CAA53-DF83-4B5A-93B3-736DE0CDC50C}.Release|Any CPU.Build.0 = Release|Any CPU
	EndGlobalSection
	GlobalSection(SolutionProperties) = preSolution
		HideSolutionNode = FALSE
	EndGlobalSection
	GlobalSection(ExtensibilityGlobals) = postSolution
		SolutionGuid = {627AC993-EF7D-420E-A9A9-F1B8B0052AE3}
	EndGlobalSection
EndGlobal
